
Microsoft Visual Studio Solution File, Format Version 12.00
# Visual Studio Version 17
VisualStudioVersion = 17.0.31903.59
MinimumVisualStudioVersion = 10.0.40219.1
Project("{9A19103F-16F7-4668-BE54-9A1E7A4F7556}") = "Sales.Backoffice.Tests", "tests\Sales.Backoffice.Tests\Sales.Backoffice.Tests.csproj", "{CBD5672D-20B1-4B43-9D3C-BBD9890CF52F}"
EndProject
Project("{9A19103F-16F7-4668-BE54-9A1E7A4F7556}") = "Sales.Backoffice.WebApi", "src\Sales.Backoffice.WebApi\Sales.Backoffice.WebApi.csproj", "{75AC235A-1FDA-42E2-B05A-D6DA33307E2C}"
EndProject
Project("{9A19103F-16F7-4668-BE54-9A1E7A4F7556}") = "Sales.Backoffice.Web", "src\Sales.Backoffice.Web\Sales.Backoffice.Web.csproj", "{F2D96B71-03C6-414D-BDCD-91AA78E792A6}"
EndProject
Project("{9A19103F-16F7-4668-BE54-9A1E7A4F7556}") = "Sales.Backoffice.Identity", "src\Sales.Backoffice.Identity\Sales.Backoffice.Identity.csproj", "{4C921E0F-1661-47DD-AC12-5EB7C08A5719}"
EndProject
Project("{9A19103F-16F7-4668-BE54-9A1E7A4F7556}") = "Sales.Backoffice.Application", "src\Sales.Backoffice.Application\Sales.Backoffice.Application.csproj", "{7E743B87-C1CF-40FA-B6AF-BB67E700F445}"
EndProject
Project("{FAE04EC0-301F-11D3-BF4B-00C04F79EFBC}") = "Sales.Backoffice.Dto", "src\Sales.Backoffice.Dto\Sales.Backoffice.Dto.csproj", "{26941609-733A-4872-8C2B-827A2CEEB400}"
EndProject
Global
	GlobalSection(SolutionConfigurationPlatforms) = preSolution
		Debug|Any CPU = Debug|Any CPU
		Release|Any CPU = Release|Any CPU
	EndGlobalSection
	GlobalSection(ProjectConfigurationPlatforms) = postSolution
		{CBD5672D-20B1-4B43-9D3C-BBD9890CF52F}.Debug|Any CPU.ActiveCfg = Debug|Any CPU
		{CBD5672D-20B1-4B43-9D3C-BBD9890CF52F}.Debug|Any CPU.Build.0 = Debug|Any CPU
		{CBD5672D-20B1-4B43-9D3C-BBD9890CF52F}.Release|Any CPU.ActiveCfg = Release|Any CPU
		{CBD5672D-20B1-4B43-9D3C-BBD9890CF52F}.Release|Any CPU.Build.0 = Release|Any CPU
		{75AC235A-1FDA-42E2-B05A-D6DA33307E2C}.Debug|Any CPU.ActiveCfg = Debug|Any CPU
		{75AC235A-1FDA-42E2-B05A-D6DA33307E2C}.Debug|Any CPU.Build.0 = Debug|Any CPU
		{75AC235A-1FDA-42E2-B05A-D6DA33307E2C}.Release|Any CPU.ActiveCfg = Release|Any CPU
		{75AC235A-1FDA-42E2-B05A-D6DA33307E2C}.Release|Any CPU.Build.0 = Release|Any CPU
		{F2D96B71-03C6-414D-BDCD-91AA78E792A6}.Debug|Any CPU.ActiveCfg = Debug|Any CPU
		{F2D96B71-03C6-414D-BDCD-91AA78E792A6}.Debug|Any CPU.Build.0 = Debug|Any CPU
		{F2D96B71-03C6-414D-BDCD-91AA78E792A6}.Release|Any CPU.ActiveCfg = Release|Any CPU
		{F2D96B71-03C6-414D-BDCD-91AA78E792A6}.Release|Any CPU.Build.0 = Release|Any CPU
		{4C921E0F-1661-47DD-AC12-5EB7C08A5719}.Debug|Any CPU.ActiveCfg = Debug|Any CPU
		{4C921E0F-1661-47DD-AC12-5EB7C08A5719}.Debug|Any CPU.Build.0 = Debug|Any CPU
		{4C921E0F-1661-47DD-AC12-5EB7C08A5719}.Release|Any CPU.ActiveCfg = Release|Any CPU
		{4C921E0F-1661-47DD-AC12-5EB7C08A5719}.Release|Any CPU.Build.0 = Release|Any CPU
		{7E743B87-C1CF-40FA-B6AF-BB67E700F445}.Debug|Any CPU.ActiveCfg = Debug|Any CPU
		{7E743B87-C1CF-40FA-B6AF-BB67E700F445}.Debug|Any CPU.Build.0 = Debug|Any CPU
		{7E743B87-C1CF-40FA-B6AF-BB67E700F445}.Release|Any CPU.ActiveCfg = Release|Any CPU
		{7E743B87-C1CF-40FA-B6AF-BB67E700F445}.Release|Any CPU.Build.0 = Release|Any CPU
		{26941609-733A-4872-8C2B-827A2CEEB400}.Debug|Any CPU.ActiveCfg = Debug|Any CPU
		{26941609-733A-4872-8C2B-827A2CEEB400}.Debug|Any CPU.Build.0 = Debug|Any CPU
		{26941609-733A-4872-8C2B-827A2CEEB400}.Release|Any CPU.ActiveCfg = Release|Any CPU
		{26941609-733A-4872-8C2B-827A2CEEB400}.Release|Any CPU.Build.0 = Release|Any CPU
	EndGlobalSection
	GlobalSection(SolutionProperties) = preSolution
		HideSolutionNode = FALSE
	EndGlobalSection
	GlobalSection(ExtensibilityGlobals) = postSolution
		SolutionGuid = {BC17B77C-E383-4F05-9A85-A9D58A1B0ED4}
	EndGlobalSection
EndGlobal
