
Microsoft Visual Studio Solution File, Format Version 12.00
# Visual Studio Version 17
VisualStudioVersion = 17.0.31903.59
MinimumVisualStudioVersion = 10.0.40219.1
Project("{2150E333-8FDC-42A3-9474-1A3956D46DE8}") = "src", "src", "{A8B110C6-1338-45B9-ABD9-CB3B5D88DA42}"
EndProject
Project("{2150E333-8FDC-42A3-9474-1A3956D46DE8}") = "Services", "Services", "{7823CF38-86A2-4289-BC16-7965F08CCDED}"
EndProject
Project("{2150E333-8FDC-42A3-9474-1A3956D46DE8}") = "WebApi", "WebApi", "{AB934D91-FE5E-4186-943B-A2C192FDF428}"
EndProject
Project("{FAE04EC0-301F-11D3-BF4B-00C04F79EFBC}") = "Sales.Backoffice.Application", "src\Services\WebApi\Sales.Backoffice.Application\Sales.Backoffice.Application.csproj", "{6F2CB445-244C-4C44-839E-EEE2537C70D0}"
EndProject
Project("{FAE04EC0-301F-11D3-BF4B-00C04F79EFBC}") = "Sales.Backoffice.Dto", "src\Services\WebApi\Sales.Backoffice.Dto\Sales.Backoffice.Dto.csproj", "{98A011E9-499A-46E3-A4D2-56E050B2EC7E}"
EndProject
Project("{FAE04EC0-301F-11D3-BF4B-00C04F79EFBC}") = "Sales.Backoffice.Model", "src\Services\WebApi\Sales.Backoffice.Model\Sales.Backoffice.Model.csproj", "{1670B1B1-6E32-4226-A82E-A3574168CE52}"
EndProject
Project("{FAE04EC0-301F-11D3-BF4B-00C04F79EFBC}") = "Sales.Backoffice.Repository", "src\Services\WebApi\Sales.Backoffice.Repository\Sales.Backoffice.Repository.csproj", "{3545483F-5099-4BFC-9EB5-B6B59225E521}"
EndProject
Project("{FAE04EC0-301F-11D3-BF4B-00C04F79EFBC}") = "Sales.Backoffice.WebApi", "src\Services\WebApi\Sales.Backoffice.WebApi\Sales.Backoffice.WebApi.csproj", "{014AD963-1F97-4D39-A83E-5A6560520A82}"
EndProject
Project("{2150E333-8FDC-42A3-9474-1A3956D46DE8}") = "Presentation", "Presentation", "{274F8FDF-1A9E-40F3-A89D-DE3AE1FF8FB6}"
EndProject
Project("{FAE04EC0-301F-11D3-BF4B-00C04F79EFBC}") = "Sales.Backoffice.Web", "src\Presentation\Sales.Backoffice.Web\Sales.Backoffice.Web.csproj", "{E2C9F265-B5DB-4117-AD9A-459CFB49D318}"
EndProject
Project("{2150E333-8FDC-42A3-9474-1A3956D46DE8}") = "Identity", "Identity", "{5972CD6E-FDD0-4763-AFE0-BB6AD7D33303}"
EndProject
Project("{FAE04EC0-301F-11D3-BF4B-00C04F79EFBC}") = "Sales.Backoffice.Identity", "src\Services\Identity\Sales.Backoffice.Identity\Sales.Backoffice.Identity.csproj", "{5D875E4C-4593-4BA1-8FD5-7BCD84B99078}"
EndProject
Global
	GlobalSection(SolutionConfigurationPlatforms) = preSolution
		Debug|Any CPU = Debug|Any CPU
		Release|Any CPU = Release|Any CPU
	EndGlobalSection
	GlobalSection(SolutionProperties) = preSolution
		HideSolutionNode = FALSE
	EndGlobalSection
	GlobalSection(ProjectConfigurationPlatforms) = postSolution
		{6F2CB445-244C-4C44-839E-EEE2537C70D0}.Debug|Any CPU.ActiveCfg = Debug|Any CPU
		{6F2CB445-244C-4C44-839E-EEE2537C70D0}.Debug|Any CPU.Build.0 = Debug|Any CPU
		{6F2CB445-244C-4C44-839E-EEE2537C70D0}.Release|Any CPU.ActiveCfg = Release|Any CPU
		{6F2CB445-244C-4C44-839E-EEE2537C70D0}.Release|Any CPU.Build.0 = Release|Any CPU
		{98A011E9-499A-46E3-A4D2-56E050B2EC7E}.Debug|Any CPU.ActiveCfg = Debug|Any CPU
		{98A011E9-499A-46E3-A4D2-56E050B2EC7E}.Debug|Any CPU.Build.0 = Debug|Any CPU
		{98A011E9-499A-46E3-A4D2-56E050B2EC7E}.Release|Any CPU.ActiveCfg = Release|Any CPU
		{98A011E9-499A-46E3-A4D2-56E050B2EC7E}.Release|Any CPU.Build.0 = Release|Any CPU
		{1670B1B1-6E32-4226-A82E-A3574168CE52}.Debug|Any CPU.ActiveCfg = Debug|Any CPU
		{1670B1B1-6E32-4226-A82E-A3574168CE52}.Debug|Any CPU.Build.0 = Debug|Any CPU
		{1670B1B1-6E32-4226-A82E-A3574168CE52}.Release|Any CPU.ActiveCfg = Release|Any CPU
		{1670B1B1-6E32-4226-A82E-A3574168CE52}.Release|Any CPU.Build.0 = Release|Any CPU
		{3545483F-5099-4BFC-9EB5-B6B59225E521}.Debug|Any CPU.ActiveCfg = Debug|Any CPU
		{3545483F-5099-4BFC-9EB5-B6B59225E521}.Debug|Any CPU.Build.0 = Debug|Any CPU
		{3545483F-5099-4BFC-9EB5-B6B59225E521}.Release|Any CPU.ActiveCfg = Release|Any CPU
		{3545483F-5099-4BFC-9EB5-B6B59225E521}.Release|Any CPU.Build.0 = Release|Any CPU
		{014AD963-1F97-4D39-A83E-5A6560520A82}.Debug|Any CPU.ActiveCfg = Debug|Any CPU
		{014AD963-1F97-4D39-A83E-5A6560520A82}.Debug|Any CPU.Build.0 = Debug|Any CPU
		{014AD963-1F97-4D39-A83E-5A6560520A82}.Release|Any CPU.ActiveCfg = Release|Any CPU
		{014AD963-1F97-4D39-A83E-5A6560520A82}.Release|Any CPU.Build.0 = Release|Any CPU
		{E2C9F265-B5DB-4117-AD9A-459CFB49D318}.Debug|Any CPU.ActiveCfg = Debug|Any CPU
		{E2C9F265-B5DB-4117-AD9A-459CFB49D318}.Debug|Any CPU.Build.0 = Debug|Any CPU
		{E2C9F265-B5DB-4117-AD9A-459CFB49D318}.Release|Any CPU.ActiveCfg = Release|Any CPU
		{E2C9F265-B5DB-4117-AD9A-459CFB49D318}.Release|Any CPU.Build.0 = Release|Any CPU
		{5D875E4C-4593-4BA1-8FD5-7BCD84B99078}.Debug|Any CPU.ActiveCfg = Debug|Any CPU
		{5D875E4C-4593-4BA1-8FD5-7BCD84B99078}.Debug|Any CPU.Build.0 = Debug|Any CPU
		{5D875E4C-4593-4BA1-8FD5-7BCD84B99078}.Release|Any CPU.ActiveCfg = Release|Any CPU
		{5D875E4C-4593-4BA1-8FD5-7BCD84B99078}.Release|Any CPU.Build.0 = Release|Any CPU
	EndGlobalSection
	GlobalSection(NestedProjects) = preSolution
		{7823CF38-86A2-4289-BC16-7965F08CCDED} = {A8B110C6-1338-45B9-ABD9-CB3B5D88DA42}
		{AB934D91-FE5E-4186-943B-A2C192FDF428} = {7823CF38-86A2-4289-BC16-7965F08CCDED}
		{6F2CB445-244C-4C44-839E-EEE2537C70D0} = {AB934D91-FE5E-4186-943B-A2C192FDF428}
		{98A011E9-499A-46E3-A4D2-56E050B2EC7E} = {AB934D91-FE5E-4186-943B-A2C192FDF428}
		{1670B1B1-6E32-4226-A82E-A3574168CE52} = {AB934D91-FE5E-4186-943B-A2C192FDF428}
		{3545483F-5099-4BFC-9EB5-B6B59225E521} = {AB934D91-FE5E-4186-943B-A2C192FDF428}
		{014AD963-1F97-4D39-A83E-5A6560520A82} = {AB934D91-FE5E-4186-943B-A2C192FDF428}
		{274F8FDF-1A9E-40F3-A89D-DE3AE1FF8FB6} = {A8B110C6-1338-45B9-ABD9-CB3B5D88DA42}
		{E2C9F265-B5DB-4117-AD9A-459CFB49D318} = {274F8FDF-1A9E-40F3-A89D-DE3AE1FF8FB6}
		{5972CD6E-FDD0-4763-AFE0-BB6AD7D33303} = {7823CF38-86A2-4289-BC16-7965F08CCDED}
		{5D875E4C-4593-4BA1-8FD5-7BCD84B99078} = {5972CD6E-FDD0-4763-AFE0-BB6AD7D33303}
	EndGlobalSection
EndGlobal
